
Microsoft Visual Studio Solution File, Format Version 12.00
# Visual Studio Version 17
VisualStudioVersion = 17.11.35312.102
MinimumVisualStudioVersion = 10.0.40219.1
Project("{FAE04EC0-301F-11D3-BF4B-00C04F79EFBC}") = "hexaflip", "hexaflip.csproj", "{C2487E3D-D23D-423E-9F0B-5EB25F4605EC}"
EndProject
Global
	GlobalSection(SolutionConfigurationPlatforms) = preSolution
		Debug|Any CPU = Debug|Any CPU
		Release|Any CPU = Release|Any CPU
	EndGlobalSection
	GlobalSection(ProjectConfigurationPlatforms) = postSolution
		{C2487E3D-D23D-423E-9F0B-5EB25F4605EC}.Debug|Any CPU.ActiveCfg = Debug|Any CPU
		{C2487E3D-D23D-423E-9F0B-5EB25F4605EC}.Debug|Any CPU.Build.0 = Debug|Any CPU
		{C2487E3D-D23D-423E-9F0B-5EB25F4605EC}.Release|Any CPU.ActiveCfg = Release|Any CPU
		{C2487E3D-D23D-423E-9F0B-5EB25F4605EC}.Release|Any CPU.Build.0 = Release|Any CPU
	EndGlobalSection
	GlobalSection(SolutionProperties) = preSolution
		HideSolutionNode = FALSE
	EndGlobalSection
	GlobalSection(ExtensibilityGlobals) = postSolution
		SolutionGuid = {45076C81-19B2-4B30-AB92-15E90B5D22C8}
	EndGlobalSection
EndGlobal
